
Microsoft Visual Studio Solution File, Format Version 12.00
# Visual Studio Version 18
VisualStudioVersion = 18.5.11605.296
MinimumVisualStudioVersion = 10.0.40219.1
Project("{FAE04EC0-301F-11D3-BF4B-00C04F79EFBC}") = "ModularMonolith", "src\ModularMonolith\ModularMonolith.csproj", "{A1B2C3D4-E5F6-7890-ABCD-EF1234567890}"
EndProject
Project("{2150E333-8FDC-42A3-9474-1A3956D46DE8}") = "Modules", "Modules", "{C3D4E5F6-A7B8-9012-CDEF-123456789012}"
EndProject
Project("{FAE04EC0-301F-11D3-BF4B-00C04F79EFBC}") = "ModularMonolith.Modules.Payment", "src\Modules\ModularMonolith.Modules.Payment\ModularMonolith.Modules.Payment.csproj", "{D4E5F6A7-B8C9-0123-DEF0-234567890123}"
EndProject
Project("{FAE04EC0-301F-11D3-BF4B-00C04F79EFBC}") = "ModularMonolith.Modules.Loyalty", "src\Modules\ModularMonolith.Modules.Loyalty\ModularMonolith.Modules.Loyalty.csproj", "{E5F6A7B8-C9D0-1234-EF01-345678901234}"
EndProject
Project("{FAE04EC0-301F-11D3-BF4B-00C04F79EFBC}") = "ModularMonolith.Modules.Notification", "src\Modules\ModularMonolith.Modules.Notification\ModularMonolith.Modules.Notification.csproj", "{F6A7B8C9-D0E1-2345-F012-456789012345}"
EndProject
Project("{2150E333-8FDC-42A3-9474-1A3956D46DE8}") = "API", "API", "{5F451620-8A33-4B41-914E-E8A71BF72EA6}"
EndProject
Project("{FAE04EC0-301F-11D3-BF4B-00C04F79EFBC}") = "SharedBus", "src\Shared\SharedBus\SharedBus.csproj", "{5A05A67D-64C0-4EEF-B629-7AAFB6C13AED}"
EndProject
Project("{FAE04EC0-301F-11D3-BF4B-00C04F79EFBC}") = "SharedInfrastructure", "src\Shared\SharedInfrastructure\SharedInfrastructure.csproj", "{1B5A36AC-AF83-49DA-B73F-46C549634E16}"
EndProject
Project("{2150E333-8FDC-42A3-9474-1A3956D46DE8}") = "Shared", "Shared", "{10B1CFE4-801B-4EAB-B765-24B4D84B6AB7}"
EndProject
Project("{E53339B2-1760-4266-BCC7-CA923CBCF16C}") = "docker-compose", "docker-compose.dcproj", "{81DDED9D-158B-E303-5F62-77A2896D2A5A}"
EndProject
Project("{FAE04EC0-301F-11D3-BF4B-00C04F79EFBC}") = "SharedKernel", "src\Shared\SharedKernel\SharedKernel.csproj", "{11FDBCBF-21C4-4B3A-B79D-18D0070B42CB}"
EndProject
Global
	GlobalSection(SolutionConfigurationPlatforms) = preSolution
		Debug|Any CPU = Debug|Any CPU
		Debug|x64 = Debug|x64
		Debug|x86 = Debug|x86
		Release|Any CPU = Release|Any CPU
		Release|x64 = Release|x64
		Release|x86 = Release|x86
	EndGlobalSection
	GlobalSection(ProjectConfigurationPlatforms) = postSolution
		{A1B2C3D4-E5F6-7890-ABCD-EF1234567890}.Debug|Any CPU.ActiveCfg = Debug|Any CPU
		{A1B2C3D4-E5F6-7890-ABCD-EF1234567890}.Debug|Any CPU.Build.0 = Debug|Any CPU
		{A1B2C3D4-E5F6-7890-ABCD-EF1234567890}.Debug|x64.ActiveCfg = Debug|Any CPU
		{A1B2C3D4-E5F6-7890-ABCD-EF1234567890}.Debug|x64.Build.0 = Debug|Any CPU
		{A1B2C3D4-E5F6-7890-ABCD-EF1234567890}.Debug|x86.ActiveCfg = Debug|Any CPU
		{A1B2C3D4-E5F6-7890-ABCD-EF1234567890}.Debug|x86.Build.0 = Debug|Any CPU
		{A1B2C3D4-E5F6-7890-ABCD-EF1234567890}.Release|Any CPU.ActiveCfg = Release|Any CPU
		{A1B2C3D4-E5F6-7890-ABCD-EF1234567890}.Release|Any CPU.Build.0 = Release|Any CPU
		{A1B2C3D4-E5F6-7890-ABCD-EF1234567890}.Release|x64.ActiveCfg = Release|Any CPU
		{A1B2C3D4-E5F6-7890-ABCD-EF1234567890}.Release|x64.Build.0 = Release|Any CPU
		{A1B2C3D4-E5F6-7890-ABCD-EF1234567890}.Release|x86.ActiveCfg = Release|Any CPU
		{A1B2C3D4-E5F6-7890-ABCD-EF1234567890}.Release|x86.Build.0 = Release|Any CPU
		{D4E5F6A7-B8C9-0123-DEF0-234567890123}.Debug|Any CPU.ActiveCfg = Debug|Any CPU
		{D4E5F6A7-B8C9-0123-DEF0-234567890123}.Debug|Any CPU.Build.0 = Debug|Any CPU
		{D4E5F6A7-B8C9-0123-DEF0-234567890123}.Debug|x64.ActiveCfg = Debug|Any CPU
		{D4E5F6A7-B8C9-0123-DEF0-234567890123}.Debug|x64.Build.0 = Debug|Any CPU
		{D4E5F6A7-B8C9-0123-DEF0-234567890123}.Debug|x86.ActiveCfg = Debug|Any CPU
		{D4E5F6A7-B8C9-0123-DEF0-234567890123}.Debug|x86.Build.0 = Debug|Any CPU
		{D4E5F6A7-B8C9-0123-DEF0-234567890123}.Release|Any CPU.ActiveCfg = Release|Any CPU
		{D4E5F6A7-B8C9-0123-DEF0-234567890123}.Release|Any CPU.Build.0 = Release|Any CPU
		{D4E5F6A7-B8C9-0123-DEF0-234567890123}.Release|x64.ActiveCfg = Release|Any CPU
		{D4E5F6A7-B8C9-0123-DEF0-234567890123}.Release|x64.Build.0 = Release|Any CPU
		{D4E5F6A7-B8C9-0123-DEF0-234567890123}.Release|x86.ActiveCfg = Release|Any CPU
		{D4E5F6A7-B8C9-0123-DEF0-234567890123}.Release|x86.Build.0 = Release|Any CPU
		{E5F6A7B8-C9D0-1234-EF01-345678901234}.Debug|Any CPU.ActiveCfg = Debug|Any CPU
		{E5F6A7B8-C9D0-1234-EF01-345678901234}.Debug|Any CPU.Build.0 = Debug|Any CPU
		{E5F6A7B8-C9D0-1234-EF01-345678901234}.Debug|x64.ActiveCfg = Debug|Any CPU
		{E5F6A7B8-C9D0-1234-EF01-345678901234}.Debug|x64.Build.0 = Debug|Any CPU
		{E5F6A7B8-C9D0-1234-EF01-345678901234}.Debug|x86.ActiveCfg = Debug|Any CPU
		{E5F6A7B8-C9D0-1234-EF01-345678901234}.Debug|x86.Build.0 = Debug|Any CPU
		{E5F6A7B8-C9D0-1234-EF01-345678901234}.Release|Any CPU.ActiveCfg = Release|Any CPU
		{E5F6A7B8-C9D0-1234-EF01-345678901234}.Release|Any CPU.Build.0 = Release|Any CPU
		{E5F6A7B8-C9D0-1234-EF01-345678901234}.Release|x64.ActiveCfg = Release|Any CPU
		{E5F6A7B8-C9D0-1234-EF01-345678901234}.Release|x64.Build.0 = Release|Any CPU
		{E5F6A7B8-C9D0-1234-EF01-345678901234}.Release|x86.ActiveCfg = Release|Any CPU
		{E5F6A7B8-C9D0-1234-EF01-345678901234}.Release|x86.Build.0 = Release|Any CPU
		{F6A7B8C9-D0E1-2345-F012-456789012345}.Debug|Any CPU.ActiveCfg = Debug|Any CPU
		{F6A7B8C9-D0E1-2345-F012-456789012345}.Debug|Any CPU.Build.0 = Debug|Any CPU
		{F6A7B8C9-D0E1-2345-F012-456789012345}.Debug|x64.ActiveCfg = Debug|Any CPU
		{F6A7B8C9-D0E1-2345-F012-456789012345}.Debug|x64.Build.0 = Debug|Any CPU
		{F6A7B8C9-D0E1-2345-F012-456789012345}.Debug|x86.ActiveCfg = Debug|Any CPU
		{F6A7B8C9-D0E1-2345-F012-456789012345}.Debug|x86.Build.0 = Debug|Any CPU
		{F6A7B8C9-D0E1-2345-F012-456789012345}.Release|Any CPU.ActiveCfg = Release|Any CPU
		{F6A7B8C9-D0E1-2345-F012-456789012345}.Release|Any CPU.Build.0 = Release|Any CPU
		{F6A7B8C9-D0E1-2345-F012-456789012345}.Release|x64.ActiveCfg = Release|Any CPU
		{F6A7B8C9-D0E1-2345-F012-456789012345}.Release|x64.Build.0 = Release|Any CPU
		{F6A7B8C9-D0E1-2345-F012-456789012345}.Release|x86.ActiveCfg = Release|Any CPU
		{F6A7B8C9-D0E1-2345-F012-456789012345}.Release|x86.Build.0 = Release|Any CPU
		{5A05A67D-64C0-4EEF-B629-7AAFB6C13AED}.Debug|Any CPU.ActiveCfg = Debug|Any CPU
		{5A05A67D-64C0-4EEF-B629-7AAFB6C13AED}.Debug|Any CPU.Build.0 = Debug|Any CPU
		{5A05A67D-64C0-4EEF-B629-7AAFB6C13AED}.Debug|x64.ActiveCfg = Debug|Any CPU
		{5A05A67D-64C0-4EEF-B629-7AAFB6C13AED}.Debug|x64.Build.0 = Debug|Any CPU
		{5A05A67D-64C0-4EEF-B629-7AAFB6C13AED}.Debug|x86.ActiveCfg = Debug|Any CPU
		{5A05A67D-64C0-4EEF-B629-7AAFB6C13AED}.Debug|x86.Build.0 = Debug|Any CPU
		{5A05A67D-64C0-4EEF-B629-7AAFB6C13AED}.Release|Any CPU.ActiveCfg = Release|Any CPU
		{5A05A67D-64C0-4EEF-B629-7AAFB6C13AED}.Release|Any CPU.Build.0 = Release|Any CPU
		{5A05A67D-64C0-4EEF-B629-7AAFB6C13AED}.Release|x64.ActiveCfg = Release|Any CPU
		{5A05A67D-64C0-4EEF-B629-7AAFB6C13AED}.Release|x64.Build.0 = Release|Any CPU
		{5A05A67D-64C0-4EEF-B629-7AAFB6C13AED}.Release|x86.ActiveCfg = Release|Any CPU
		{5A05A67D-64C0-4EEF-B629-7AAFB6C13AED}.Release|x86.Build.0 = Release|Any CPU
		{1B5A36AC-AF83-49DA-B73F-46C549634E16}.Debug|Any CPU.ActiveCfg = Debug|Any CPU
		{1B5A36AC-AF83-49DA-B73F-46C549634E16}.Debug|Any CPU.Build.0 = Debug|Any CPU
		{1B5A36AC-AF83-49DA-B73F-46C549634E16}.Debug|x64.ActiveCfg = Debug|Any CPU
		{1B5A36AC-AF83-49DA-B73F-46C549634E16}.Debug|x64.Build.0 = Debug|Any CPU
		{1B5A36AC-AF83-49DA-B73F-46C549634E16}.Debug|x86.ActiveCfg = Debug|Any CPU
		{1B5A36AC-AF83-49DA-B73F-46C549634E16}.Debug|x86.Build.0 = Debug|Any CPU
		{1B5A36AC-AF83-49DA-B73F-46C549634E16}.Release|Any CPU.ActiveCfg = Release|Any CPU
		{1B5A36AC-AF83-49DA-B73F-46C549634E16}.Release|Any CPU.Build.0 = Release|Any CPU
		{1B5A36AC-AF83-49DA-B73F-46C549634E16}.Release|x64.ActiveCfg = Release|Any CPU
		{1B5A36AC-AF83-49DA-B73F-46C549634E16}.Release|x64.Build.0 = Release|Any CPU
		{1B5A36AC-AF83-49DA-B73F-46C549634E16}.Release|x86.ActiveCfg = Release|Any CPU
		{1B5A36AC-AF83-49DA-B73F-46C549634E16}.Release|x86.Build.0 = Release|Any CPU
		{81DDED9D-158B-E303-5F62-77A2896D2A5A}.Debug|Any CPU.ActiveCfg = Debug|Any CPU
		{81DDED9D-158B-E303-5F62-77A2896D2A5A}.Debug|Any CPU.Build.0 = Debug|Any CPU
		{81DDED9D-158B-E303-5F62-77A2896D2A5A}.Debug|x64.ActiveCfg = Debug|Any CPU
		{81DDED9D-158B-E303-5F62-77A2896D2A5A}.Debug|x64.Build.0 = Debug|Any CPU
		{81DDED9D-158B-E303-5F62-77A2896D2A5A}.Debug|x86.ActiveCfg = Debug|Any CPU
		{81DDED9D-158B-E303-5F62-77A2896D2A5A}.Debug|x86.Build.0 = Debug|Any CPU
		{81DDED9D-158B-E303-5F62-77A2896D2A5A}.Release|Any CPU.ActiveCfg = Release|Any CPU
		{81DDED9D-158B-E303-5F62-77A2896D2A5A}.Release|Any CPU.Build.0 = Release|Any CPU
		{81DDED9D-158B-E303-5F62-77A2896D2A5A}.Release|x64.ActiveCfg = Release|Any CPU
		{81DDED9D-158B-E303-5F62-77A2896D2A5A}.Release|x64.Build.0 = Release|Any CPU
		{81DDED9D-158B-E303-5F62-77A2896D2A5A}.Release|x86.ActiveCfg = Release|Any CPU
		{81DDED9D-158B-E303-5F62-77A2896D2A5A}.Release|x86.Build.0 = Release|Any CPU
		{11FDBCBF-21C4-4B3A-B79D-18D0070B42CB}.Debug|Any CPU.ActiveCfg = Debug|Any CPU
		{11FDBCBF-21C4-4B3A-B79D-18D0070B42CB}.Debug|Any CPU.Build.0 = Debug|Any CPU
		{11FDBCBF-21C4-4B3A-B79D-18D0070B42CB}.Debug|x64.ActiveCfg = Debug|Any CPU
		{11FDBCBF-21C4-4B3A-B79D-18D0070B42CB}.Debug|x64.Build.0 = Debug|Any CPU
		{11FDBCBF-21C4-4B3A-B79D-18D0070B42CB}.Debug|x86.ActiveCfg = Debug|Any CPU
		{11FDBCBF-21C4-4B3A-B79D-18D0070B42CB}.Debug|x86.Build.0 = Debug|Any CPU
		{11FDBCBF-21C4-4B3A-B79D-18D0070B42CB}.Release|Any CPU.ActiveCfg = Release|Any CPU
		{11FDBCBF-21C4-4B3A-B79D-18D0070B42CB}.Release|Any CPU.Build.0 = Release|Any CPU
		{11FDBCBF-21C4-4B3A-B79D-18D0070B42CB}.Release|x64.ActiveCfg = Release|Any CPU
		{11FDBCBF-21C4-4B3A-B79D-18D0070B42CB}.Release|x64.Build.0 = Release|Any CPU
		{11FDBCBF-21C4-4B3A-B79D-18D0070B42CB}.Release|x86.ActiveCfg = Release|Any CPU
		{11FDBCBF-21C4-4B3A-B79D-18D0070B42CB}.Release|x86.Build.0 = Release|Any CPU
	EndGlobalSection
	GlobalSection(SolutionProperties) = preSolution
		HideSolutionNode = FALSE
	EndGlobalSection
	GlobalSection(NestedProjects) = preSolution
		{A1B2C3D4-E5F6-7890-ABCD-EF1234567890} = {5F451620-8A33-4B41-914E-E8A71BF72EA6}
		{D4E5F6A7-B8C9-0123-DEF0-234567890123} = {C3D4E5F6-A7B8-9012-CDEF-123456789012}
		{E5F6A7B8-C9D0-1234-EF01-345678901234} = {C3D4E5F6-A7B8-9012-CDEF-123456789012}
		{F6A7B8C9-D0E1-2345-F012-456789012345} = {C3D4E5F6-A7B8-9012-CDEF-123456789012}
		{5A05A67D-64C0-4EEF-B629-7AAFB6C13AED} = {10B1CFE4-801B-4EAB-B765-24B4D84B6AB7}
		{1B5A36AC-AF83-49DA-B73F-46C549634E16} = {10B1CFE4-801B-4EAB-B765-24B4D84B6AB7}
		{11FDBCBF-21C4-4B3A-B79D-18D0070B42CB} = {10B1CFE4-801B-4EAB-B765-24B4D84B6AB7}
	EndGlobalSection
	GlobalSection(ExtensibilityGlobals) = postSolution
		SolutionGuid = {63DF5F4F-0DA9-4C80-A117-9C17746660DE}
	EndGlobalSection
EndGlobal
